
Microsoft Visual Studio Solution File, Format Version 12.00
# Visual Studio Version 16
VisualStudioVersion = 16.0.31205.134
MinimumVisualStudioVersion = 10.0.40219.1
Project("{FAE04EC0-301F-11D3-BF4B-00C04F79EFBC}") = "PastelCalculator", "PastelCalculator\PastelCalculator.csproj", "{92D14C1F-C8E2-4B72-861A-21EAD3271BC8}"
EndProject
Global
	GlobalSection(SolutionConfigurationPlatforms) = preSolution
		Debug|Any CPU = Debug|Any CPU
		Release|Any CPU = Release|Any CPU
	EndGlobalSection
	GlobalSection(ProjectConfigurationPlatforms) = postSolution
		{92D14C1F-C8E2-4B72-861A-21EAD3271BC8}.Debug|Any CPU.ActiveCfg = Debug|Any CPU
		{92D14C1F-C8E2-4B72-861A-21EAD3271BC8}.Debug|Any CPU.Build.0 = Debug|Any CPU
		{92D14C1F-C8E2-4B72-861A-21EAD3271BC8}.Release|Any CPU.ActiveCfg = Release|Any CPU
		{92D14C1F-C8E2-4B72-861A-21EAD3271BC8}.Release|Any CPU.Build.0 = Release|Any CPU
	EndGlobalSection
	GlobalSection(SolutionProperties) = preSolution
		HideSolutionNode = FALSE
	EndGlobalSection
	GlobalSection(ExtensibilityGlobals) = postSolution
		SolutionGuid = {800D41EA-5237-41CB-9B70-C41CBFA289E4}
	EndGlobalSection
EndGlobal
